
Microsoft Visual Studio Solution File, Format Version 12.00
# Visual Studio Version 17
VisualStudioVersion = 17.3.32811.315
MinimumVisualStudioVersion = 10.0.40219.1
Project("{FAE04EC0-301F-11D3-BF4B-00C04F79EFBC}") = "ApiHabits", "ApiHabits\ApiHabits.csproj", "{30CC5C8A-C61C-44C6-BD0D-D7A0192B4FEE}"
EndProject
Project("{FAE04EC0-301F-11D3-BF4B-00C04F79EFBC}") = "Data", "Data\Data.csproj", "{1BCEB407-BFB1-45EA-94DD-922DBE7C01B5}"
EndProject
Global
	GlobalSection(SolutionConfigurationPlatforms) = preSolution
		Debug|Any CPU = Debug|Any CPU
		Release|Any CPU = Release|Any CPU
	EndGlobalSection
	GlobalSection(ProjectConfigurationPlatforms) = postSolution
		{30CC5C8A-C61C-44C6-BD0D-D7A0192B4FEE}.Debug|Any CPU.ActiveCfg = Debug|Any CPU
		{30CC5C8A-C61C-44C6-BD0D-D7A0192B4FEE}.Debug|Any CPU.Build.0 = Debug|Any CPU
		{30CC5C8A-C61C-44C6-BD0D-D7A0192B4FEE}.Release|Any CPU.ActiveCfg = Release|Any CPU
		{30CC5C8A-C61C-44C6-BD0D-D7A0192B4FEE}.Release|Any CPU.Build.0 = Release|Any CPU
		{1BCEB407-BFB1-45EA-94DD-922DBE7C01B5}.Debug|Any CPU.ActiveCfg = Debug|Any CPU
		{1BCEB407-BFB1-45EA-94DD-922DBE7C01B5}.Debug|Any CPU.Build.0 = Debug|Any CPU
		{1BCEB407-BFB1-45EA-94DD-922DBE7C01B5}.Release|Any CPU.ActiveCfg = Release|Any CPU
		{1BCEB407-BFB1-45EA-94DD-922DBE7C01B5}.Release|Any CPU.Build.0 = Release|Any CPU
	EndGlobalSection
	GlobalSection(SolutionProperties) = preSolution
		HideSolutionNode = FALSE
	EndGlobalSection
	GlobalSection(ExtensibilityGlobals) = postSolution
		SolutionGuid = {9D9E509C-C1EE-4CCF-9A35-09D521075B71}
	EndGlobalSection
EndGlobal
